// !$*UTF8*$!
{
	archiveVersion = 1;
	classes = {
	};
	objectVersion = 55;
	objects = {

/* Begin PBXBuildFile section */
		07E9CED2292C87180076DD32 /* AppDelegate.swift in Sources */ = {isa = PBXBuildFile; fileRef = 07E9CED1292C87180076DD32 /* AppDelegate.swift */; };
		07E9CED4292C87180076DD32 /* SceneDelegate.swift in Sources */ = {isa = PBXBuildFile; fileRef = 07E9CED3292C87180076DD32 /* SceneDelegate.swift */; };
		07E9CED6292C87180076DD32 /* ViewController.swift in Sources */ = {isa = PBXBuildFile; fileRef = 07E9CED5292C87180076DD32 /* ViewController.swift */; };
		07E9CED9292C87180076DD32 /* Main.storyboard in Resources */ = {isa = PBXBuildFile; fileRef = 07E9CED7292C87180076DD32 /* Main.storyboard */; };
		07E9CEDB292C87190076DD32 /* Assets.xcassets in Resources */ = {isa = PBXBuildFile; fileRef = 07E9CEDA292C87190076DD32 /* Assets.xcassets */; };
		07E9CEDE292C87190076DD32 /* LaunchScreen.storyboard in Resources */ = {isa = PBXBuildFile; fileRef = 07E9CEDC292C87190076DD32 /* LaunchScreen.storyboard */; };
		07E9CEE6292C896E0076DD32 /* GoogleService-Info.plist in Resources */ = {isa = PBXBuildFile; fileRef = 07E9CEE5292C896E0076DD32 /* GoogleService-Info.plist */; };
		07E9CEE8292CA1C50076DD32 /* secondViewController.swift in Sources */ = {isa = PBXBuildFile; fileRef = 07E9CEE7292CA1C50076DD32 /* secondViewController.swift */; };
		07E9CEEA292CA1DD0076DD32 /* thirdViewController.swift in Sources */ = {isa = PBXBuildFile; fileRef = 07E9CEE9292CA1DD0076DD32 /* thirdViewController.swift */; };
		A3144805118706D4F795DB03 /* Pods_FireWork.framework in Frameworks */ = {isa = PBXBuildFile; fileRef = 4CD6E22315CEC8FF126F29C5 /* Pods_FireWork.framework */; };
/* End PBXBuildFile section */

/* Begin PBXFileReference section */
		07E9CECE292C87180076DD32 /* FireWork.app */ = {isa = PBXFileReference; explicitFileType = wrapper.application; includeInIndex = 0; path = FireWork.app; sourceTree = BUILT_PRODUCTS_DIR; };
		07E9CED1292C87180076DD32 /* AppDelegate.swift */ = {isa = PBXFileReference; lastKnownFileType = sourcecode.swift; path = AppDelegate.swift; sourceTree = "<group>"; };
		07E9CED3292C87180076DD32 /* SceneDelegate.swift */ = {isa = PBXFileReference; lastKnownFileType = sourcecode.swift; path = SceneDelegate.swift; sourceTree = "<group>"; };
		07E9CED5292C87180076DD32 /* ViewController.swift */ = {isa = PBXFileReference; lastKnownFileType = sourcecode.swift; path = ViewController.swift; sourceTree = "<group>"; };
		07E9CED8292C87180076DD32 /* Base */ = {isa = PBXFileReference; lastKnownFileType = file.storyboard; name = Base; path = Base.lproj/Main.storyboard; sourceTree = "<group>"; };
		07E9CEDA292C87190076DD32 /* Assets.xcassets */ = {isa = PBXFileReference; lastKnownFileType = folder.assetcatalog; path = Assets.xcassets; sourceTree = "<group>"; };
		07E9CEDD292C87190076DD32 /* Base */ = {isa = PBXFileReference; lastKnownFileType = file.storyboard; name = Base; path = Base.lproj/LaunchScreen.storyboard; sourceTree = "<group>"; };
		07E9CEDF292C87190076DD32 /* Info.plist */ = {isa = PBXFileReference; lastKnownFileType = text.plist.xml; path = Info.plist; sourceTree = "<group>"; };
		07E9CEE5292C896E0076DD32 /* GoogleService-Info.plist */ = {isa = PBXFileReference; fileEncoding = 4; lastKnownFileType = text.plist.xml; name = "GoogleService-Info.plist"; path = "../../../../Downloads/GoogleService-Info.plist"; sourceTree = "<group>"; };
		07E9CEE7292CA1C50076DD32 /* secondViewController.swift */ = {isa = PBXFileReference; lastKnownFileType = sourcecode.swift; path = secondViewController.swift; sourceTree = "<group>"; };
		07E9CEE9292CA1DD0076DD32 /* thirdViewController.swift */ = {isa = PBXFileReference; lastKnownFileType = sourcecode.swift; path = thirdViewController.swift; sourceTree = "<group>"; };
		25E15F1CA7B81FFA74A8F509 /* Pods-FireWork.debug.xcconfig */ = {isa = PBXFileReference; includeInIndex = 1; lastKnownFileType = text.xcconfig; name = "Pods-FireWork.debug.xcconfig"; path = "Target Support Files/Pods-FireWork/Pods-FireWork.debug.xcconfig"; sourceTree = "<group>"; };
		33D7CC5ED6E83D5A9EE6A548 /* Pods-FireWork.release.xcconfig */ = {isa = PBXFileReference; includeInIndex = 1; lastKnownFileType = text.xcconfig; name = "Pods-FireWork.release.xcconfig"; path = "Target Support Files/Pods-FireWork/Pods-FireWork.release.xcconfig"; sourceTree = "<group>"; };
		4CD6E22315CEC8FF126F29C5 /* Pods_FireWork.framework */ = {isa = PBXFileReference; explicitFileType = wrapper.framework; includeInIndex = 0; path = Pods_FireWork.framework; sourceTree = BUILT_PRODUCTS_DIR; };
/* End PBXFileReference section */

/* Begin PBXFrameworksBuildPhase section */
		07E9CECB292C87180076DD32 /* Frameworks */ = {
			isa = PBXFrameworksBuildPhase;
			buildActionMask = 2147483647;
			files = (
				A3144805118706D4F795DB03 /* Pods_FireWork.framework in Frameworks */,
			);
			runOnlyForDeploymentPostprocessing = 0;
		};
/* End PBXFrameworksBuildPhase section */

/* Begin PBXGroup section */
		07E9CEC5292C87180076DD32 = {
			isa = PBXGroup;
			children = (
				07E9CED0292C87180076DD32 /* FireWork */,
				07E9CEE5292C896E0076DD32 /* GoogleService-Info.plist */,
				07E9CECF292C87180076DD32 /* Products */,
				47004B81B234E499944E0A48 /* Pods */,
				85F534F2CDC54C86274CD480 /* Frameworks */,
			);
			sourceTree = "<group>";
		};
		07E9CECF292C87180076DD32 /* Products */ = {
			isa = PBXGroup;
			children = (
				07E9CECE292C87180076DD32 /* FireWork.app */,
			);
			name = Products;
			sourceTree = "<group>";
		};
		07E9CED0292C87180076DD32 /* FireWork */ = {
			isa = PBXGroup;
			children = (
				07E9CED1292C87180076DD32 /* AppDelegate.swift */,
				07E9CED3292C87180076DD32 /* SceneDelegate.swift */,
				07E9CED5292C87180076DD32 /* ViewController.swift */,
				07E9CED7292C87180076DD32 /* Main.storyboard */,
				07E9CEE9292CA1DD0076DD32 /* thirdViewController.swift */,
				07E9CEE7292CA1C50076DD32 /* secondViewController.swift */,
				07E9CEDA292C87190076DD32 /* Assets.xcassets */,
				07E9CEDC292C87190076DD32 /* LaunchScreen.storyboard */,
				07E9CEDF292C87190076DD32 /* Info.plist */,
			);
			path = FireWork;
			sourceTree = "<group>";
		};
		47004B81B234E499944E0A48 /* Pods */ = {
			isa = PBXGroup;
			children = (
				25E15F1CA7B81FFA74A8F509 /* Pods-FireWork.debug.xcconfig */,
				33D7CC5ED6E83D5A9EE6A548 /* Pods-FireWork.release.xcconfig */,
			);
			path = Pods;
			sourceTree = "<group>";
		};
		85F534F2CDC54C86274CD480 /* Frameworks */ = {
			isa = PBXGroup;
			children = (
				4CD6E22315CEC8FF126F29C5 /* Pods_FireWork.framework */,
			);
			name = Frameworks;
			sourceTree = "<group>";
		};
/* End PBXGroup section */

/* Begin PBXNativeTarget section */
		07E9CECD292C87180076DD32 /* FireWork */ = {
			isa = PBXNativeTarget;
			buildConfigurationList = 07E9CEE2292C87190076DD32 /* Build configuration list for PBXNativeTarget "FireWork" */;
			buildPhases = (
				14BAB91EBCC6A260CFD2223B /* [CP] Check Pods Manifest.lock */,
				07E9CECA292C87180076DD32 /* Sources */,
				07E9CECB292C87180076DD32 /* Frameworks */,
				07E9CECC292C87180076DD32 /* Resources */,
				1C9CFB04A525790EB3948FEE /* [CP] Embed Pods Frameworks */,
			);
			buildRules = (
			);
			dependencies = (
			);
			name = FireWork;
			productName = FireWork;
			productReference = 07E9CECE292C87180076DD32 /* FireWork.app */;
			productType = "com.apple.product-type.application";
		};
/* End PBXNativeTarget section */

/* Begin PBXProject section */
		07E9CEC6292C87180076DD32 /* Project object */ = {
			isa = PBXProject;
			attributes = {
				BuildIndependentTargetsInParallel = 1;
				LastSwiftUpdateCheck = 1320;
				LastUpgradeCheck = 1320;
				TargetAttributes = {
					07E9CECD292C87180076DD32 = {
						CreatedOnToolsVersion = 13.2.1;
					};
				};
			};
			buildConfigurationList = 07E9CEC9292C87180076DD32 /* Build configuration list for PBXProject "FireWork" */;
			compatibilityVersion = "Xcode 13.0";
			developmentRegion = en;
			hasScannedForEncodings = 0;
			knownRegions = (
				en,
				Base,
			);
			mainGroup = 07E9CEC5292C87180076DD32;
			productRefGroup = 07E9CECF292C87180076DD32 /* Products */;
			projectDirPath = "";
			projectRoot = "";
			targets = (
				07E9CECD292C87180076DD32 /* FireWork */,
			);
		};
/* End PBXProject section */

/* Begin PBXResourcesBuildPhase section */
		07E9CECC292C87180076DD32 /* Resources */ = {
			isa = PBXResourcesBuildPhase;
			buildActionMask = 2147483647;
			files = (
				07E9CEDE292C87190076DD32 /* LaunchScreen.storyboard in Resources */,
				07E9CEE6292C896E0076DD32 /* GoogleService-Info.plist in Resources */,
				07E9CEDB292C87190076DD32 /* Assets.xcassets in Resources */,
				07E9CED9292C87180076DD32 /* Main.storyboard in Resources */,
			);
			runOnlyForDeploymentPostprocessing = 0;
		};
/* End PBXResourcesBuildPhase section */

/* Begin PBXShellScriptBuildPhase section */
		14BAB91EBCC6A260CFD2223B /* [CP] Check Pods Manifest.lock */ = {
			isa = PBXShellScriptBuildPhase;
			buildActionMask = 2147483647;
			files = (
			);
			inputFileListPaths = (
			);
			inputPaths = (
				"${PODS_PODFILE_DIR_PATH}/Podfile.lock",
				"${PODS_ROOT}/Manifest.lock",
			);
			name = "[CP] Check Pods Manifest.lock";
			outputFileListPaths = (
			);
			outputPaths = (
				"$(DERIVED_FILE_DIR)/Pods-FireWork-checkManifestLockResult.txt",
			);
			runOnlyForDeploymentPostprocessing = 0;
			shellPath = /bin/sh;
			shellScript = "diff \"${PODS_PODFILE_DIR_PATH}/Podfile.lock\" \"${PODS_ROOT}/Manifest.lock\" > /dev/null\nif [ $? != 0 ] ; then\n    # print error to STDERR\n    echo \"error: The sandbox is not in sync with the Podfile.lock. Run 'pod install' or update your CocoaPods installation.\" >&2\n    exit 1\nfi\n# This output is used by Xcode 'outputs' to avoid re-running this script phase.\necho \"SUCCESS\" > \"${SCRIPT_OUTPUT_FILE_0}\"\n";
			showEnvVarsInLog = 0;
		};
		1C9CFB04A525790EB3948FEE /* [CP] Embed Pods Frameworks */ = {
			isa = PBXShellScriptBuildPhase;
			buildActionMask = 2147483647;
			files = (
			);
			inputFileListPaths = (
				"${PODS_ROOT}/Target Support Files/Pods-FireWork/Pods-FireWork-frameworks-${CONFIGURATION}-input-files.xcfilelist",
			);
			name = "[CP] Embed Pods Frameworks";
			outputFileListPaths = (
				"${PODS_ROOT}/Target Support Files/Pods-FireWork/Pods-FireWork-frameworks-${CONFIGURATION}-output-files.xcfilelist",
			);
			runOnlyForDeploymentPostprocessing = 0;
			shellPath = /bin/sh;
			shellScript = "\"${PODS_ROOT}/Target Support Files/Pods-FireWork/Pods-FireWork-frameworks.sh\"\n";
			showEnvVarsInLog = 0;
		};
/* End PBXShellScriptBuildPhase section */

/* Begin PBXSourcesBuildPhase section */
		07E9CECA292C87180076DD32 /* Sources */ = {
			isa = PBXSourcesBuildPhase;
			buildActionMask = 2147483647;
			files = (
				07E9CEE8292CA1C50076DD32 /* secondViewController.swift in Sources */,
				07E9CED6292C87180076DD32 /* ViewController.swift in Sources */,
				07E9CEEA292CA1DD0076DD32 /* thirdViewController.swift in Sources */,
				07E9CED2292C87180076DD32 /* AppDelegate.swift in Sources */,
				07E9CED4292C87180076DD32 /* SceneDelegate.swift in Sources */,
			);
			runOnlyForDeploymentPostprocessing = 0;
		};
/* End PBXSourcesBuildPhase section */

/* Begin PBXVariantGroup section */
		07E9CED7292C87180076DD32 /* Main.storyboard */ = {
			isa = PBXVariantGroup;
			children = (
				07E9CED8292C87180076DD32 /* Base */,
			);
			name = Main.storyboard;
			sourceTree = "<group>";
		};
		07E9CEDC292C87190076DD32 /* LaunchScreen.storyboard */ = {
			isa = PBXVariantGroup;
			children = (
				07E9CEDD292C87190076DD32 /* Base */,
			);
			name = LaunchScreen.storyboard;
			sourceTree = "<group>";
		};
/* End PBXVariantGroup section */

/* Begin XCBuildConfiguration section */
		07E9CEE0292C87190076DD32 /* Debug */ = {
			isa = XCBuildConfiguration;
			buildSettings = {
				ALWAYS_SEARCH_USER_PATHS = NO;
				CLANG_ANALYZER_NONNULL = YES;
				CLANG_ANALYZER_NUMBER_OBJECT_CONVERSION = YES_AGGRESSIVE;
				CLANG_CXX_LANGUAGE_STANDARD = "gnu++17";
				CLANG_CXX_LIBRARY = "libc++";
				CLANG_ENABLE_MODULES = YES;
				CLANG_ENABLE_OBJC_ARC = YES;
				CLANG_ENABLE_OBJC_WEAK = YES;
				CLANG_WARN_BLOCK_CAPTURE_AUTORELEASING = YES;
				CLANG_WARN_BOOL_CONVERSION = YES;
				CLANG_WARN_COMMA = YES;
				CLANG_WARN_CONSTANT_CONVERSION = YES;
				CLANG_WARN_DEPRECATED_OBJC_IMPLEMENTATIONS = YES;
				CLANG_WARN_DIRECT_OBJC_ISA_USAGE = YES_ERROR;
				CLANG_WARN_DOCUMENTATION_COMMENTS = YES;
				CLANG_WARN_EMPTY_BODY = YES;
				CLANG_WARN_ENUM_CONVERSION = YES;
				CLANG_WARN_INFINITE_RECURSION = YES;
				CLANG_WARN_INT_CONVERSION = YES;
				CLANG_WARN_NON_LITERAL_NULL_CONVERSION = YES;
				CLANG_WARN_OBJC_IMPLICIT_RETAIN_SELF = YES;
				CLANG_WARN_OBJC_LITERAL_CONVERSION = YES;
				CLANG_WARN_OBJC_ROOT_CLASS = YES_ERROR;
				CLANG_WARN_QUOTED_INCLUDE_IN_FRAMEWORK_HEADER = YES;
				CLANG_WARN_RANGE_LOOP_ANALYSIS = YES;
				CLANG_WARN_STRICT_PROTOTYPES = YES;
				CLANG_WARN_SUSPICIOUS_MOVE = YES;
				CLANG_WARN_UNGUARDED_AVAILABILITY = YES_AGGRESSIVE;
				CLANG_WARN_UNREACHABLE_CODE = YES;
				CLANG_WARN__DUPLICATE_METHOD_MATCH = YES;
				COPY_PHASE_STRIP = NO;
				DEBUG_INFORMATION_FORMAT = dwarf;
				ENABLE_STRICT_OBJC_MSGSEND = YES;
				ENABLE_TESTABILITY = YES;
				GCC_C_LANGUAGE_STANDARD = gnu11;
				GCC_DYNAMIC_NO_PIC = NO;
				GCC_NO_COMMON_BLOCKS = YES;
				GCC_OPTIMIZATION_LEVEL = 0;
				GCC_PREPROCESSOR_DEFINITIONS = (
					"DEBUG=1",
					"$(inherited)",
				);
				GCC_WARN_64_TO_32_BIT_CONVERSION = YES;
				GCC_WARN_ABOUT_RETURN_TYPE = YES_ERROR;
				GCC_WARN_UNDECLARED_SELECTOR = YES;
				GCC_WARN_UNINITIALIZED_AUTOS = YES_AGGRESSIVE;
				GCC_WARN_UNUSED_FUNCTION = YES;
				GCC_WARN_UNUSED_VARIABLE = YES;
				IPHONEOS_DEPLOYMENT_TARGET = 15.2;
				MTL_ENABLE_DEBUG_INFO = INCLUDE_SOURCE;
				MTL_FAST_MATH = YES;
				ONLY_ACTIVE_ARCH = YES;
				SDKROOT = iphoneos;
				SWIFT_ACTIVE_COMPILATION_CONDITIONS = DEBUG;
				SWIFT_OPTIMIZATION_LEVEL = "-Onone";
			};
			name = Debug;
		};
		07E9CEE1292C87190076DD32 /* Release */ = {
			isa = XCBuildConfiguration;
			buildSettings = {
				ALWAYS_SEARCH_USER_PATHS = NO;
				CLANG_ANALYZER_NONNULL = YES;
				CLANG_ANALYZER_NUMBER_OBJECT_CONVERSION = YES_AGGRESSIVE;
				CLANG_CXX_LANGUAGE_STANDARD = "gnu++17";
				CLANG_CXX_LIBRARY = "libc++";
				CLANG_ENABLE_MODULES = YES;
				CLANG_ENABLE_OBJC_ARC = YES;
				CLANG_ENABLE_OBJC_WEAK = YES;
				CLANG_WARN_BLOCK_CAPTURE_AUTORELEASING = YES;
				CLANG_WARN_BOOL_CONVERSION = YES;
				CLANG_WARN_COMMA = YES;
				CLANG_WARN_CONSTANT_CONVERSION = YES;
				CLANG_WARN_DEPRECATED_OBJC_IMPLEMENTATIONS = YES;
				CLANG_WARN_DIRECT_OBJC_ISA_USAGE = YES_ERROR;
				CLANG_WARN_DOCUMENTATION_COMMENTS = YES;
				CLANG_WARN_EMPTY_BODY = YES;
				CLANG_WARN_ENUM_CONVERSION = YES;
				CLANG_WARN_INFINITE_RECURSION = YES;
				CLANG_WARN_INT_CONVERSION = YES;
				CLANG_WARN_NON_LITERAL_NULL_CONVERSION = YES;
				CLANG_WARN_OBJC_IMPLICIT_RETAIN_SELF = YES;
				CLANG_WARN_OBJC_LITERAL_CONVERSION = YES;
				CLANG_WARN_OBJC_ROOT_CLASS = YES_ERROR;
				CLANG_WARN_QUOTED_INCLUDE_IN_FRAMEWORK_HEADER = YES;
				CLANG_WARN_RANGE_LOOP_ANALYSIS = YES;
				CLANG_WARN_STRICT_PROTOTYPES = YES;
				CLANG_WARN_SUSPICIOUS_MOVE = YES;
				CLANG_WARN_UNGUARDED_AVAILABILITY = YES_AGGRESSIVE;
				CLANG_WARN_UNREACHABLE_CODE = YES;
				CLANG_WARN__DUPLICATE_METHOD_MATCH = YES;
				COPY_PHASE_STRIP = NO;
				DEBUG_INFORMATION_FORMAT = "dwarf-with-dsym";
				ENABLE_NS_ASSERTIONS = NO;
				ENABLE_STRICT_OBJC_MSGSEND = YES;
				GCC_C_LANGUAGE_STANDARD = gnu11;
				GCC_NO_COMMON_BLOCKS = YES;
				GCC_WARN_64_TO_32_BIT_CONVERSION = YES;
				GCC_WARN_ABOUT_RETURN_TYPE = YES_ERROR;
				GCC_WARN_UNDECLARED_SELECTOR = YES;
				GCC_WARN_UNINITIALIZED_AUTOS = YES_AGGRESSIVE;
				GCC_WARN_UNUSED_FUNCTION = YES;
				GCC_WARN_UNUSED_VARIABLE = YES;
				IPHONEOS_DEPLOYMENT_TARGET = 15.2;
				MTL_ENABLE_DEBUG_INFO = NO;
				MTL_FAST_MATH = YES;
				SDKROOT = iphoneos;
				SWIFT_COMPILATION_MODE = wholemodule;
				SWIFT_OPTIMIZATION_LEVEL = "-O";
				VALIDATE_PRODUCT = YES;
			};
			name = Release;
		};
		07E9CEE3292C87190076DD32 /* Debug */ = {
			isa = XCBuildConfiguration;
			baseConfigurationReference = 25E15F1CA7B81FFA74A8F509 /* Pods-FireWork.debug.xcconfig */;
			buildSettings = {
				ASSETCATALOG_COMPILER_APPICON_NAME = AppIcon;
				ASSETCATALOG_COMPILER_GLOBAL_ACCENT_COLOR_NAME = AccentColor;
				CODE_SIGN_STYLE = Automatic;
				CURRENT_PROJECT_VERSION = 1;
				GENERATE_INFOPLIST_FILE = YES;
				INFOPLIST_FILE = FireWork/Info.plist;
				INFOPLIST_KEY_UIApplicationSupportsIndirectInputEvents = YES;
				INFOPLIST_KEY_UILaunchStoryboardName = LaunchScreen;
				INFOPLIST_KEY_UIMainStoryboardFile = Main;
				INFOPLIST_KEY_UISupportedInterfaceOrientations_iPad = "UIInterfaceOrientationPortrait UIInterfaceOrientationPortraitUpsideDown UIInterfaceOrientationLandscapeLeft UIInterfaceOrientationLandscapeRight";
				INFOPLIST_KEY_UISupportedInterfaceOrientations_iPhone = "UIInterfaceOrientationPortrait UIInterfaceOrientationLandscapeLeft UIInterfaceOrientationLandscapeRight";
				LD_RUNPATH_SEARCH_PATHS = (
					"$(inherited)",
					"@executable_path/Frameworks",
				);
				MARKETING_VERSION = 1.0;
				PRODUCT_BUNDLE_IDENTIFIER = com.ddukk.FireWork;
				PRODUCT_NAME = "$(TARGET_NAME)";
				SWIFT_EMIT_LOC_STRINGS = YES;
				SWIFT_VERSION = 5.0;
				TARGETED_DEVICE_FAMILY = "1,2";
			};
			name = Debug;
		};
		07E9CEE4292C87190076DD32 /* Release */ = {
			isa = XCBuildConfiguration;
			baseConfigurationReference = 33D7CC5ED6E83D5A9EE6A548 /* Pods-FireWork.release.xcconfig */;
			buildSettings = {
				ASSETCATALOG_COMPILER_APPICON_NAME = AppIcon;
				ASSETCATALOG_COMPILER_GLOBAL_ACCENT_COLOR_NAME = AccentColor;
				CODE_SIGN_STYLE = Automatic;
				CURRENT_PROJECT_VERSION = 1;
				GENERATE_INFOPLIST_FILE = YES;
				INFOPLIST_FILE = FireWork/Info.plist;
				INFOPLIST_KEY_UIApplicationSupportsIndirectInputEvents = YES;
				INFOPLIST_KEY_UILaunchStoryboardName = LaunchScreen;
				INFOPLIST_KEY_UIMainStoryboardFile = Main;
				INFOPLIST_KEY_UISupportedInterfaceOrientations_iPad = "UIInterfaceOrientationPortrait UIInterfaceOrientationPortraitUpsideDown UIInterfaceOrientationLandscapeLeft UIInterfaceOrientationLandscapeRight";
				INFOPLIST_KEY_UISupportedInterfaceOrientations_iPhone = "UIInterfaceOrientationPortrait UIInterfaceOrientationLandscapeLeft UIInterfaceOrientationLandscapeRight";
				LD_RUNPATH_SEARCH_PATHS = (
					"$(inherited)",
					"@executable_path/Frameworks",
				);
				MARKETING_VERSION = 1.0;
				PRODUCT_BUNDLE_IDENTIFIER = com.ddukk.FireWork;
				PRODUCT_NAME = "$(TARGET_NAME)";
				SWIFT_EMIT_LOC_STRINGS = YES;
				SWIFT_VERSION = 5.0;
				TARGETED_DEVICE_FAMILY = "1,2";
			};
			name = Release;
		};
/* End XCBuildConfiguration section */

/* Begin XCConfigurationList section */
		07E9CEC9292C87180076DD32 /* Build configuration list for PBXProject "FireWork" */ = {
			isa = XCConfigurationList;
			buildConfigurations = (
				07E9CEE0292C87190076DD32 /* Debug */,
				07E9CEE1292C87190076DD32 /* Release */,
			);
			defaultConfigurationIsVisible = 0;
			defaultConfigurationName = Release;
		};
		07E9CEE2292C87190076DD32 /* Build configuration list for PBXNativeTarget "FireWork" */ = {
			isa = XCConfigurationList;
			buildConfigurations = (
				07E9CEE3292C87190076DD32 /* Debug */,
				07E9CEE4292C87190076DD32 /* Release */,
			);
			defaultConfigurationIsVisible = 0;
			defaultConfigurationName = Release;
		};
/* End XCConfigurationList section */
	};
	rootObject = 07E9CEC6292C87180076DD32 /* Project object */;
}
